
Microsoft Visual Studio Solution File, Format Version 12.00
# Visual Studio Version 17
VisualStudioVersion = 17.8.34408.163
MinimumVisualStudioVersion = 10.0.40219.1
Project("{9A19103F-16F7-4668-BE54-9A1E7A4F7556}") = "BulkyWeb", "BulkyWeb\BulkyWeb.csproj", "{EFDC4296-5532-4827-9801-0A7CA78B0E43}"
EndProject
Project("{9A19103F-16F7-4668-BE54-9A1E7A4F7556}") = "BulkyWebRazor_temp", "BulkyWebRazor_temp\BulkyWebRazor_temp.csproj", "{BF71D24B-001B-4090-929C-BD76C509177C}"
EndProject
Project("{FAE04EC0-301F-11D3-BF4B-00C04F79EFBC}") = "Bulky.DataAccess", "Bulky.DataAccess\Bulky.DataAccess.csproj", "{DCDAD214-F611-4D69-8F39-75B02467F40F}"
EndProject
Project("{FAE04EC0-301F-11D3-BF4B-00C04F79EFBC}") = "Bulky.Models", "Bulky.Models\Bulky.Models.csproj", "{73256A75-7974-4C80-BD93-5C133DEA2754}"
EndProject
Project("{FAE04EC0-301F-11D3-BF4B-00C04F79EFBC}") = "Bulky.Utility", "Bulky.Utility\Bulky.Utility.csproj", "{96D79A0A-90E5-4519-978C-1D67461F6F54}"
EndProject
Global
	GlobalSection(SolutionConfigurationPlatforms) = preSolution
		Debug|Any CPU = Debug|Any CPU
		Release|Any CPU = Release|Any CPU
	EndGlobalSection
	GlobalSection(ProjectConfigurationPlatforms) = postSolution
		{EFDC4296-5532-4827-9801-0A7CA78B0E43}.Debug|Any CPU.ActiveCfg = Debug|Any CPU
		{EFDC4296-5532-4827-9801-0A7CA78B0E43}.Debug|Any CPU.Build.0 = Debug|Any CPU
		{EFDC4296-5532-4827-9801-0A7CA78B0E43}.Release|Any CPU.ActiveCfg = Release|Any CPU
		{EFDC4296-5532-4827-9801-0A7CA78B0E43}.Release|Any CPU.Build.0 = Release|Any CPU
		{BF71D24B-001B-4090-929C-BD76C509177C}.Debug|Any CPU.ActiveCfg = Debug|Any CPU
		{BF71D24B-001B-4090-929C-BD76C509177C}.Debug|Any CPU.Build.0 = Debug|Any CPU
		{BF71D24B-001B-4090-929C-BD76C509177C}.Release|Any CPU.ActiveCfg = Release|Any CPU
		{BF71D24B-001B-4090-929C-BD76C509177C}.Release|Any CPU.Build.0 = Release|Any CPU
		{DCDAD214-F611-4D69-8F39-75B02467F40F}.Debug|Any CPU.ActiveCfg = Debug|Any CPU
		{DCDAD214-F611-4D69-8F39-75B02467F40F}.Debug|Any CPU.Build.0 = Debug|Any CPU
		{DCDAD214-F611-4D69-8F39-75B02467F40F}.Release|Any CPU.ActiveCfg = Release|Any CPU
		{DCDAD214-F611-4D69-8F39-75B02467F40F}.Release|Any CPU.Build.0 = Release|Any CPU
		{73256A75-7974-4C80-BD93-5C133DEA2754}.Debug|Any CPU.ActiveCfg = Debug|Any CPU
		{73256A75-7974-4C80-BD93-5C133DEA2754}.Debug|Any CPU.Build.0 = Debug|Any CPU
		{73256A75-7974-4C80-BD93-5C133DEA2754}.Release|Any CPU.ActiveCfg = Release|Any CPU
		{73256A75-7974-4C80-BD93-5C133DEA2754}.Release|Any CPU.Build.0 = Release|Any CPU
		{96D79A0A-90E5-4519-978C-1D67461F6F54}.Debug|Any CPU.ActiveCfg = Debug|Any CPU
		{96D79A0A-90E5-4519-978C-1D67461F6F54}.Debug|Any CPU.Build.0 = Debug|Any CPU
		{96D79A0A-90E5-4519-978C-1D67461F6F54}.Release|Any CPU.ActiveCfg = Release|Any CPU
		{96D79A0A-90E5-4519-978C-1D67461F6F54}.Release|Any CPU.Build.0 = Release|Any CPU
	EndGlobalSection
	GlobalSection(SolutionProperties) = preSolution
		HideSolutionNode = FALSE
	EndGlobalSection
	GlobalSection(ExtensibilityGlobals) = postSolution
		SolutionGuid = {8E72019E-A76A-4EE4-B11B-584574C3F8D7}
	EndGlobalSection
EndGlobal
